
Microsoft Visual Studio Solution File, Format Version 12.00
# Visual Studio 14
VisualStudioVersion = 14.0.25420.1
MinimumVisualStudioVersion = 10.0.40219.1
Project("{FAE04EC0-301F-11D3-BF4B-00C04F79EFBC}") = "CodeWarsKatas", "CodeWarsKatas\CodeWarsKatas.csproj", "{3E9BCDED-A1B5-46A9-BF81-E996042B904A}"
EndProject
Project("{FAE04EC0-301F-11D3-BF4B-00C04F79EFBC}") = "KataTesting", "KataTesting\KataTesting.csproj", "{43C8C38F-E4C5-4138-8D37-C84E72F3CD47}"
EndProject
Project("{FAE04EC0-301F-11D3-BF4B-00C04F79EFBC}") = "Geneva", "Geneva\Geneva.csproj", "{94B1C042-C250-46DF-A04E-3B69C472FB97}"
EndProject
Global
	GlobalSection(SolutionConfigurationPlatforms) = preSolution
		Debug|Any CPU = Debug|Any CPU
		Release|Any CPU = Release|Any CPU
	EndGlobalSection
	GlobalSection(ProjectConfigurationPlatforms) = postSolution
		{3E9BCDED-A1B5-46A9-BF81-E996042B904A}.Debug|Any CPU.ActiveCfg = Debug|Any CPU
		{3E9BCDED-A1B5-46A9-BF81-E996042B904A}.Debug|Any CPU.Build.0 = Debug|Any CPU
		{3E9BCDED-A1B5-46A9-BF81-E996042B904A}.Release|Any CPU.ActiveCfg = Release|Any CPU
		{3E9BCDED-A1B5-46A9-BF81-E996042B904A}.Release|Any CPU.Build.0 = Release|Any CPU
		{43C8C38F-E4C5-4138-8D37-C84E72F3CD47}.Debug|Any CPU.ActiveCfg = Debug|Any CPU
		{43C8C38F-E4C5-4138-8D37-C84E72F3CD47}.Debug|Any CPU.Build.0 = Debug|Any CPU
		{43C8C38F-E4C5-4138-8D37-C84E72F3CD47}.Release|Any CPU.ActiveCfg = Release|Any CPU
		{43C8C38F-E4C5-4138-8D37-C84E72F3CD47}.Release|Any CPU.Build.0 = Release|Any CPU
		{94B1C042-C250-46DF-A04E-3B69C472FB97}.Debug|Any CPU.ActiveCfg = Debug|Any CPU
		{94B1C042-C250-46DF-A04E-3B69C472FB97}.Debug|Any CPU.Build.0 = Debug|Any CPU
		{94B1C042-C250-46DF-A04E-3B69C472FB97}.Release|Any CPU.ActiveCfg = Release|Any CPU
		{94B1C042-C250-46DF-A04E-3B69C472FB97}.Release|Any CPU.Build.0 = Release|Any CPU
	EndGlobalSection
	GlobalSection(SolutionProperties) = preSolution
		HideSolutionNode = FALSE
	EndGlobalSection
EndGlobal
